
Microsoft Visual Studio Solution File, Format Version 12.00
# Visual Studio Version 17
VisualStudioVersion = 17.0.32014.148
MinimumVisualStudioVersion = 10.0.40219.1
Project("{9A19103F-16F7-4668-BE54-9A1E7A4F7556}") = "GeekBrains.SecureDevelopment.Lesson1", "GeekBrains. SecureDevelopment. Lesson1\GeekBrains.SecureDevelopment.Lesson1.csproj", "{66542AC5-6EC3-4628-806D-5DA4885B6987}"
EndProject
Project("{E53339B2-1760-4266-BCC7-CA923CBCF16C}") = "docker-compose", "docker-compose.dcproj", "{396F50AD-D933-41F3-A9C8-B419B53C2B67}"
EndProject
Global
	GlobalSection(SolutionConfigurationPlatforms) = preSolution
		Debug|Any CPU = Debug|Any CPU
		Release|Any CPU = Release|Any CPU
	EndGlobalSection
	GlobalSection(ProjectConfigurationPlatforms) = postSolution
		{66542AC5-6EC3-4628-806D-5DA4885B6987}.Debug|Any CPU.ActiveCfg = Debug|Any CPU
		{66542AC5-6EC3-4628-806D-5DA4885B6987}.Debug|Any CPU.Build.0 = Debug|Any CPU
		{66542AC5-6EC3-4628-806D-5DA4885B6987}.Release|Any CPU.ActiveCfg = Release|Any CPU
		{66542AC5-6EC3-4628-806D-5DA4885B6987}.Release|Any CPU.Build.0 = Release|Any CPU
		{396F50AD-D933-41F3-A9C8-B419B53C2B67}.Debug|Any CPU.ActiveCfg = Debug|Any CPU
		{396F50AD-D933-41F3-A9C8-B419B53C2B67}.Debug|Any CPU.Build.0 = Debug|Any CPU
		{396F50AD-D933-41F3-A9C8-B419B53C2B67}.Release|Any CPU.ActiveCfg = Release|Any CPU
		{396F50AD-D933-41F3-A9C8-B419B53C2B67}.Release|Any CPU.Build.0 = Release|Any CPU
	EndGlobalSection
	GlobalSection(SolutionProperties) = preSolution
		HideSolutionNode = FALSE
	EndGlobalSection
	GlobalSection(ExtensibilityGlobals) = postSolution
		SolutionGuid = {8D5004E4-6782-420B-8867-C966B03D3934}
	EndGlobalSection
EndGlobal
